
Microsoft Visual Studio Solution File, Format Version 12.00
# Visual Studio 2013
VisualStudioVersion = 12.0.31101.0
MinimumVisualStudioVersion = 10.0.40219.1
Project("{FAE04EC0-301F-11D3-BF4B-00C04F79EFBC}") = "TaskDemo", "ConsoleApplication1\TaskDemo.csproj", "{22948990-E891-426D-8467-F8650CBEF3D8}"
EndProject
Project("{FAE04EC0-301F-11D3-BF4B-00C04F79EFBC}") = "Utility", "Utility\Utility.csproj", "{3D3EDF50-BEA2-4774-B29E-488E8FD9AEF8}"
EndProject
Project("{FAE04EC0-301F-11D3-BF4B-00C04F79EFBC}") = "Utility.Test", "Utility.Test\Utility.Test.csproj", "{BA9036CA-D2A1-432B-BD51-61A0889860C5}"
EndProject
Project("{FAE04EC0-301F-11D3-BF4B-00C04F79EFBC}") = "DBDocumentEditor.Domain", "DBDocumentEditor.Domain\DBDocumentEditor.Domain.csproj", "{EC8B8C19-BD4E-400C-A069-CC36162510FA}"
EndProject
Project("{FAE04EC0-301F-11D3-BF4B-00C04F79EFBC}") = "DBDocumentEditor", "DBDocumentEditor\DBDocumentEditor.csproj", "{962F8A77-33C1-4D80-B803-230ADCFFA360}"
EndProject
Project("{FAE04EC0-301F-11D3-BF4B-00C04F79EFBC}") = "DBDocumentEditor.Web", "DBDocumentEditor.Web\DBDocumentEditor.Web.csproj", "{9FE57371-AB4E-4147-A44F-665D12037592}"
EndProject
Global
	GlobalSection(SolutionConfigurationPlatforms) = preSolution
		Debug|Any CPU = Debug|Any CPU
		Release|Any CPU = Release|Any CPU
	EndGlobalSection
	GlobalSection(ProjectConfigurationPlatforms) = postSolution
		{22948990-E891-426D-8467-F8650CBEF3D8}.Debug|Any CPU.ActiveCfg = Debug|Any CPU
		{22948990-E891-426D-8467-F8650CBEF3D8}.Debug|Any CPU.Build.0 = Debug|Any CPU
		{22948990-E891-426D-8467-F8650CBEF3D8}.Release|Any CPU.ActiveCfg = Release|Any CPU
		{22948990-E891-426D-8467-F8650CBEF3D8}.Release|Any CPU.Build.0 = Release|Any CPU
		{3D3EDF50-BEA2-4774-B29E-488E8FD9AEF8}.Debug|Any CPU.ActiveCfg = Debug|Any CPU
		{3D3EDF50-BEA2-4774-B29E-488E8FD9AEF8}.Debug|Any CPU.Build.0 = Debug|Any CPU
		{3D3EDF50-BEA2-4774-B29E-488E8FD9AEF8}.Release|Any CPU.ActiveCfg = Release|Any CPU
		{3D3EDF50-BEA2-4774-B29E-488E8FD9AEF8}.Release|Any CPU.Build.0 = Release|Any CPU
		{BA9036CA-D2A1-432B-BD51-61A0889860C5}.Debug|Any CPU.ActiveCfg = Debug|Any CPU
		{BA9036CA-D2A1-432B-BD51-61A0889860C5}.Debug|Any CPU.Build.0 = Debug|Any CPU
		{BA9036CA-D2A1-432B-BD51-61A0889860C5}.Release|Any CPU.ActiveCfg = Release|Any CPU
		{BA9036CA-D2A1-432B-BD51-61A0889860C5}.Release|Any CPU.Build.0 = Release|Any CPU
		{EC8B8C19-BD4E-400C-A069-CC36162510FA}.Debug|Any CPU.ActiveCfg = Debug|Any CPU
		{EC8B8C19-BD4E-400C-A069-CC36162510FA}.Debug|Any CPU.Build.0 = Debug|Any CPU
		{EC8B8C19-BD4E-400C-A069-CC36162510FA}.Release|Any CPU.ActiveCfg = Release|Any CPU
		{EC8B8C19-BD4E-400C-A069-CC36162510FA}.Release|Any CPU.Build.0 = Release|Any CPU
		{962F8A77-33C1-4D80-B803-230ADCFFA360}.Debug|Any CPU.ActiveCfg = Debug|Any CPU
		{962F8A77-33C1-4D80-B803-230ADCFFA360}.Debug|Any CPU.Build.0 = Debug|Any CPU
		{962F8A77-33C1-4D80-B803-230ADCFFA360}.Release|Any CPU.ActiveCfg = Release|Any CPU
		{962F8A77-33C1-4D80-B803-230ADCFFA360}.Release|Any CPU.Build.0 = Release|Any CPU
		{9FE57371-AB4E-4147-A44F-665D12037592}.Debug|Any CPU.ActiveCfg = Debug|Any CPU
		{9FE57371-AB4E-4147-A44F-665D12037592}.Debug|Any CPU.Build.0 = Debug|Any CPU
		{9FE57371-AB4E-4147-A44F-665D12037592}.Release|Any CPU.ActiveCfg = Release|Any CPU
		{9FE57371-AB4E-4147-A44F-665D12037592}.Release|Any CPU.Build.0 = Release|Any CPU
	EndGlobalSection
	GlobalSection(SolutionProperties) = preSolution
		HideSolutionNode = FALSE
	EndGlobalSection
EndGlobal
